
Microsoft Visual Studio Solution File, Format Version 12.00
# Visual Studio Version 16
VisualStudioVersion = 16.0.31515.178
MinimumVisualStudioVersion = 10.0.40219.1
Project("{FAE04EC0-301F-11D3-BF4B-00C04F79EFBC}") = "GitClient", "GitClient\GitClient.csproj", "{7EF825B5-E8E7-4494-B7CD-824C0383E334}"
EndProject
Global
	GlobalSection(SolutionConfigurationPlatforms) = preSolution
		Debug|Any CPU = Debug|Any CPU
		Release|Any CPU = Release|Any CPU
	EndGlobalSection
	GlobalSection(ProjectConfigurationPlatforms) = postSolution
		{7EF825B5-E8E7-4494-B7CD-824C0383E334}.Debug|Any CPU.ActiveCfg = Debug|Any CPU
		{7EF825B5-E8E7-4494-B7CD-824C0383E334}.Debug|Any CPU.Build.0 = Debug|Any CPU
		{7EF825B5-E8E7-4494-B7CD-824C0383E334}.Release|Any CPU.ActiveCfg = Release|Any CPU
		{7EF825B5-E8E7-4494-B7CD-824C0383E334}.Release|Any CPU.Build.0 = Release|Any CPU
	EndGlobalSection
	GlobalSection(SolutionProperties) = preSolution
		HideSolutionNode = FALSE
	EndGlobalSection
	GlobalSection(ExtensibilityGlobals) = postSolution
		SolutionGuid = {8B1E8293-35FA-4D1B-9EC6-3C0CD34820BE}
	EndGlobalSection
EndGlobal
